
Microsoft Visual Studio Solution File, Format Version 12.00
# Visual Studio Version 17
VisualStudioVersion = 17.0.31903.59
MinimumVisualStudioVersion = 10.0.40219.1
Project("{2150E333-8FDC-42A3-9474-1A3956D46DE8}") = "src", "src", "{827E0CD3-B72D-47B6-A68D-7590B98EB39B}"
EndProject
Project("{FAE04EC0-301F-11D3-BF4B-00C04F79EFBC}") = "TegWallet.Domain", "src\Domain\TegWallet.Domain.csproj", "{A0199944-766B-46F2-A310-C730F697E051}"
EndProject
Project("{FAE04EC0-301F-11D3-BF4B-00C04F79EFBC}") = "TegWallet.Application", "src\Application\TegWallet.Application.csproj", "{827DD3CE-0C3A-4AB8-89BA-EE62F1249DF4}"
EndProject
Project("{FAE04EC0-301F-11D3-BF4B-00C04F79EFBC}") = "TegWallet.Infrastructure", "src\Infrastructure\TegWallet.Infrastructure.csproj", "{CFA87D0D-C634-4943-96E9-63F1C74B4DD4}"
EndProject
Project("{FAE04EC0-301F-11D3-BF4B-00C04F79EFBC}") = "TegWallet.WalletApi", "src\WalletApi\TegWallet.WalletApi.csproj", "{11964372-6E63-9E6B-64C9-BA246B49AD47}"
EndProject
Project("{FAE04EC0-301F-11D3-BF4B-00C04F79EFBC}") = "TegWallet.CoreApi", "src\CoreApi\TegWallet.CoreApi.csproj", "{8699DFAB-9A31-FDE3-D9C5-D180D881B6AE}"
EndProject
Project("{2150E333-8FDC-42A3-9474-1A3956D46DE8}") = "API", "API", "{02EA681E-C7D8-13C7-8484-4AC65E1B71E8}"
EndProject
Project("{FAE04EC0-301F-11D3-BF4B-00C04F79EFBC}") = "Core.Logger", "src\Logger\Core.Logger.csproj", "{817C1010-94A0-3096-4A85-BFA7EB69F1B1}"
EndProject
Project("{2150E333-8FDC-42A3-9474-1A3956D46DE8}") = "Tests", "Tests", "{1595E029-AB0A-4729-991F-CC8ED3F2FBC7}"
EndProject
Project("{FAE04EC0-301F-11D3-BF4B-00C04F79EFBC}") = "TegWallet.Core.Test", "src\Test\Core\TegWallet.Core.Test.csproj", "{15DEA315-714E-426D-9404-C4BFB852BE6B}"
EndProject
Project("{FAE04EC0-301F-11D3-BF4B-00C04F79EFBC}") = "TegWallet.Application.Test", "src\Test\Application\TegWallet.Application.Test.csproj", "{9D5B49A4-D0CD-349B-29AB-24D6D507080E}"
EndProject
Project("{FAE04EC0-301F-11D3-BF4B-00C04F79EFBC}") = "TegWallet.Infrastructure.Test", "src\Test\Infrastructure\TegWallet.Infrastructure.Test.csproj", "{74539FCA-9A39-5654-7A2B-08CECF17470D}"
EndProject
Project("{FAE04EC0-301F-11D3-BF4B-00C04F79EFBC}") = "TegWallet.CoreApi.Test", "src\Test\CoreApi\TegWallet.CoreApi.Test.csproj", "{F99CA557-B265-CCD1-5046-44BF6AF82BC6}"
EndProject
Project("{FAE04EC0-301F-11D3-BF4B-00C04F79EFBC}") = "TegWallet.WalletApi.Test", "src\Test\WalletApi\TegWallet.WalletApi.Test.csproj", "{A6A33C61-9BA6-A642-FCB4-CF01FD184A5A}"
EndProject
Project("{FAE04EC0-301F-11D3-BF4B-00C04F79EFBC}") = "TegWallet.Architecture.Test", "src\Test\Architecture\TegWallet.Architecture.Test.csproj", "{8DE86D8B-D051-D71A-EE26-9EB9A0C0AF8B}"
EndProject
Global
	GlobalSection(SolutionConfigurationPlatforms) = preSolution
		Debug|Any CPU = Debug|Any CPU
		Debug|x64 = Debug|x64
		Debug|x86 = Debug|x86
		Release|Any CPU = Release|Any CPU
		Release|x64 = Release|x64
		Release|x86 = Release|x86
	EndGlobalSection
	GlobalSection(ProjectConfigurationPlatforms) = postSolution
		{A0199944-766B-46F2-A310-C730F697E051}.Debug|Any CPU.ActiveCfg = Debug|Any CPU
		{A0199944-766B-46F2-A310-C730F697E051}.Debug|Any CPU.Build.0 = Debug|Any CPU
		{A0199944-766B-46F2-A310-C730F697E051}.Debug|x64.ActiveCfg = Debug|Any CPU
		{A0199944-766B-46F2-A310-C730F697E051}.Debug|x64.Build.0 = Debug|Any CPU
		{A0199944-766B-46F2-A310-C730F697E051}.Debug|x86.ActiveCfg = Debug|Any CPU
		{A0199944-766B-46F2-A310-C730F697E051}.Debug|x86.Build.0 = Debug|Any CPU
		{A0199944-766B-46F2-A310-C730F697E051}.Release|Any CPU.ActiveCfg = Release|Any CPU
		{A0199944-766B-46F2-A310-C730F697E051}.Release|Any CPU.Build.0 = Release|Any CPU
		{A0199944-766B-46F2-A310-C730F697E051}.Release|x64.ActiveCfg = Release|Any CPU
		{A0199944-766B-46F2-A310-C730F697E051}.Release|x64.Build.0 = Release|Any CPU
		{A0199944-766B-46F2-A310-C730F697E051}.Release|x86.ActiveCfg = Release|Any CPU
		{A0199944-766B-46F2-A310-C730F697E051}.Release|x86.Build.0 = Release|Any CPU
		{827DD3CE-0C3A-4AB8-89BA-EE62F1249DF4}.Debug|Any CPU.ActiveCfg = Debug|Any CPU
		{827DD3CE-0C3A-4AB8-89BA-EE62F1249DF4}.Debug|Any CPU.Build.0 = Debug|Any CPU
		{827DD3CE-0C3A-4AB8-89BA-EE62F1249DF4}.Debug|x64.ActiveCfg = Debug|Any CPU
		{827DD3CE-0C3A-4AB8-89BA-EE62F1249DF4}.Debug|x64.Build.0 = Debug|Any CPU
		{827DD3CE-0C3A-4AB8-89BA-EE62F1249DF4}.Debug|x86.ActiveCfg = Debug|Any CPU
		{827DD3CE-0C3A-4AB8-89BA-EE62F1249DF4}.Debug|x86.Build.0 = Debug|Any CPU
		{827DD3CE-0C3A-4AB8-89BA-EE62F1249DF4}.Release|Any CPU.ActiveCfg = Release|Any CPU
		{827DD3CE-0C3A-4AB8-89BA-EE62F1249DF4}.Release|Any CPU.Build.0 = Release|Any CPU
		{827DD3CE-0C3A-4AB8-89BA-EE62F1249DF4}.Release|x64.ActiveCfg = Release|Any CPU
		{827DD3CE-0C3A-4AB8-89BA-EE62F1249DF4}.Release|x64.Build.0 = Release|Any CPU
		{827DD3CE-0C3A-4AB8-89BA-EE62F1249DF4}.Release|x86.ActiveCfg = Release|Any CPU
		{827DD3CE-0C3A-4AB8-89BA-EE62F1249DF4}.Release|x86.Build.0 = Release|Any CPU
		{CFA87D0D-C634-4943-96E9-63F1C74B4DD4}.Debug|Any CPU.ActiveCfg = Debug|Any CPU
		{CFA87D0D-C634-4943-96E9-63F1C74B4DD4}.Debug|Any CPU.Build.0 = Debug|Any CPU
		{CFA87D0D-C634-4943-96E9-63F1C74B4DD4}.Debug|x64.ActiveCfg = Debug|Any CPU
		{CFA87D0D-C634-4943-96E9-63F1C74B4DD4}.Debug|x64.Build.0 = Debug|Any CPU
		{CFA87D0D-C634-4943-96E9-63F1C74B4DD4}.Debug|x86.ActiveCfg = Debug|Any CPU
		{CFA87D0D-C634-4943-96E9-63F1C74B4DD4}.Debug|x86.Build.0 = Debug|Any CPU
		{CFA87D0D-C634-4943-96E9-63F1C74B4DD4}.Release|Any CPU.ActiveCfg = Release|Any CPU
		{CFA87D0D-C634-4943-96E9-63F1C74B4DD4}.Release|Any CPU.Build.0 = Release|Any CPU
		{CFA87D0D-C634-4943-96E9-63F1C74B4DD4}.Release|x64.ActiveCfg = Release|Any CPU
		{CFA87D0D-C634-4943-96E9-63F1C74B4DD4}.Release|x64.Build.0 = Release|Any CPU
		{CFA87D0D-C634-4943-96E9-63F1C74B4DD4}.Release|x86.ActiveCfg = Release|Any CPU
		{CFA87D0D-C634-4943-96E9-63F1C74B4DD4}.Release|x86.Build.0 = Release|Any CPU
		{11964372-6E63-9E6B-64C9-BA246B49AD47}.Debug|Any CPU.ActiveCfg = Debug|Any CPU
		{11964372-6E63-9E6B-64C9-BA246B49AD47}.Debug|Any CPU.Build.0 = Debug|Any CPU
		{11964372-6E63-9E6B-64C9-BA246B49AD47}.Debug|x64.ActiveCfg = Debug|Any CPU
		{11964372-6E63-9E6B-64C9-BA246B49AD47}.Debug|x64.Build.0 = Debug|Any CPU
		{11964372-6E63-9E6B-64C9-BA246B49AD47}.Debug|x86.ActiveCfg = Debug|Any CPU
		{11964372-6E63-9E6B-64C9-BA246B49AD47}.Debug|x86.Build.0 = Debug|Any CPU
		{11964372-6E63-9E6B-64C9-BA246B49AD47}.Release|Any CPU.ActiveCfg = Release|Any CPU
		{11964372-6E63-9E6B-64C9-BA246B49AD47}.Release|Any CPU.Build.0 = Release|Any CPU
		{11964372-6E63-9E6B-64C9-BA246B49AD47}.Release|x64.ActiveCfg = Release|Any CPU
		{11964372-6E63-9E6B-64C9-BA246B49AD47}.Release|x64.Build.0 = Release|Any CPU
		{11964372-6E63-9E6B-64C9-BA246B49AD47}.Release|x86.ActiveCfg = Release|Any CPU
		{11964372-6E63-9E6B-64C9-BA246B49AD47}.Release|x86.Build.0 = Release|Any CPU
		{8699DFAB-9A31-FDE3-D9C5-D180D881B6AE}.Debug|Any CPU.ActiveCfg = Debug|Any CPU
		{8699DFAB-9A31-FDE3-D9C5-D180D881B6AE}.Debug|Any CPU.Build.0 = Debug|Any CPU
		{8699DFAB-9A31-FDE3-D9C5-D180D881B6AE}.Debug|x64.ActiveCfg = Debug|Any CPU
		{8699DFAB-9A31-FDE3-D9C5-D180D881B6AE}.Debug|x64.Build.0 = Debug|Any CPU
		{8699DFAB-9A31-FDE3-D9C5-D180D881B6AE}.Debug|x86.ActiveCfg = Debug|Any CPU
		{8699DFAB-9A31-FDE3-D9C5-D180D881B6AE}.Debug|x86.Build.0 = Debug|Any CPU
		{8699DFAB-9A31-FDE3-D9C5-D180D881B6AE}.Release|Any CPU.ActiveCfg = Release|Any CPU
		{8699DFAB-9A31-FDE3-D9C5-D180D881B6AE}.Release|Any CPU.Build.0 = Release|Any CPU
		{8699DFAB-9A31-FDE3-D9C5-D180D881B6AE}.Release|x64.ActiveCfg = Release|Any CPU
		{8699DFAB-9A31-FDE3-D9C5-D180D881B6AE}.Release|x64.Build.0 = Release|Any CPU
		{8699DFAB-9A31-FDE3-D9C5-D180D881B6AE}.Release|x86.ActiveCfg = Release|Any CPU
		{8699DFAB-9A31-FDE3-D9C5-D180D881B6AE}.Release|x86.Build.0 = Release|Any CPU
		{817C1010-94A0-3096-4A85-BFA7EB69F1B1}.Debug|Any CPU.ActiveCfg = Debug|Any CPU
		{817C1010-94A0-3096-4A85-BFA7EB69F1B1}.Debug|Any CPU.Build.0 = Debug|Any CPU
		{817C1010-94A0-3096-4A85-BFA7EB69F1B1}.Debug|x64.ActiveCfg = Debug|Any CPU
		{817C1010-94A0-3096-4A85-BFA7EB69F1B1}.Debug|x64.Build.0 = Debug|Any CPU
		{817C1010-94A0-3096-4A85-BFA7EB69F1B1}.Debug|x86.ActiveCfg = Debug|Any CPU
		{817C1010-94A0-3096-4A85-BFA7EB69F1B1}.Debug|x86.Build.0 = Debug|Any CPU
		{817C1010-94A0-3096-4A85-BFA7EB69F1B1}.Release|Any CPU.ActiveCfg = Release|Any CPU
		{817C1010-94A0-3096-4A85-BFA7EB69F1B1}.Release|Any CPU.Build.0 = Release|Any CPU
		{817C1010-94A0-3096-4A85-BFA7EB69F1B1}.Release|x64.ActiveCfg = Release|Any CPU
		{817C1010-94A0-3096-4A85-BFA7EB69F1B1}.Release|x64.Build.0 = Release|Any CPU
		{817C1010-94A0-3096-4A85-BFA7EB69F1B1}.Release|x86.ActiveCfg = Release|Any CPU
		{817C1010-94A0-3096-4A85-BFA7EB69F1B1}.Release|x86.Build.0 = Release|Any CPU
		{15DEA315-714E-426D-9404-C4BFB852BE6B}.Debug|Any CPU.ActiveCfg = Debug|Any CPU
		{15DEA315-714E-426D-9404-C4BFB852BE6B}.Debug|Any CPU.Build.0 = Debug|Any CPU
		{15DEA315-714E-426D-9404-C4BFB852BE6B}.Debug|x64.ActiveCfg = Debug|Any CPU
		{15DEA315-714E-426D-9404-C4BFB852BE6B}.Debug|x64.Build.0 = Debug|Any CPU
		{15DEA315-714E-426D-9404-C4BFB852BE6B}.Debug|x86.ActiveCfg = Debug|Any CPU
		{15DEA315-714E-426D-9404-C4BFB852BE6B}.Debug|x86.Build.0 = Debug|Any CPU
		{15DEA315-714E-426D-9404-C4BFB852BE6B}.Release|Any CPU.ActiveCfg = Release|Any CPU
		{15DEA315-714E-426D-9404-C4BFB852BE6B}.Release|Any CPU.Build.0 = Release|Any CPU
		{15DEA315-714E-426D-9404-C4BFB852BE6B}.Release|x64.ActiveCfg = Release|Any CPU
		{15DEA315-714E-426D-9404-C4BFB852BE6B}.Release|x64.Build.0 = Release|Any CPU
		{15DEA315-714E-426D-9404-C4BFB852BE6B}.Release|x86.ActiveCfg = Release|Any CPU
		{15DEA315-714E-426D-9404-C4BFB852BE6B}.Release|x86.Build.0 = Release|Any CPU
		{9D5B49A4-D0CD-349B-29AB-24D6D507080E}.Debug|Any CPU.ActiveCfg = Debug|Any CPU
		{9D5B49A4-D0CD-349B-29AB-24D6D507080E}.Debug|Any CPU.Build.0 = Debug|Any CPU
		{9D5B49A4-D0CD-349B-29AB-24D6D507080E}.Debug|x64.ActiveCfg = Debug|Any CPU
		{9D5B49A4-D0CD-349B-29AB-24D6D507080E}.Debug|x64.Build.0 = Debug|Any CPU
		{9D5B49A4-D0CD-349B-29AB-24D6D507080E}.Debug|x86.ActiveCfg = Debug|Any CPU
		{9D5B49A4-D0CD-349B-29AB-24D6D507080E}.Debug|x86.Build.0 = Debug|Any CPU
		{9D5B49A4-D0CD-349B-29AB-24D6D507080E}.Release|Any CPU.ActiveCfg = Release|Any CPU
		{9D5B49A4-D0CD-349B-29AB-24D6D507080E}.Release|Any CPU.Build.0 = Release|Any CPU
		{9D5B49A4-D0CD-349B-29AB-24D6D507080E}.Release|x64.ActiveCfg = Release|Any CPU
		{9D5B49A4-D0CD-349B-29AB-24D6D507080E}.Release|x64.Build.0 = Release|Any CPU
		{9D5B49A4-D0CD-349B-29AB-24D6D507080E}.Release|x86.ActiveCfg = Release|Any CPU
		{9D5B49A4-D0CD-349B-29AB-24D6D507080E}.Release|x86.Build.0 = Release|Any CPU
		{74539FCA-9A39-5654-7A2B-08CECF17470D}.Debug|Any CPU.ActiveCfg = Debug|Any CPU
		{74539FCA-9A39-5654-7A2B-08CECF17470D}.Debug|Any CPU.Build.0 = Debug|Any CPU
		{74539FCA-9A39-5654-7A2B-08CECF17470D}.Debug|x64.ActiveCfg = Debug|Any CPU
		{74539FCA-9A39-5654-7A2B-08CECF17470D}.Debug|x64.Build.0 = Debug|Any CPU
		{74539FCA-9A39-5654-7A2B-08CECF17470D}.Debug|x86.ActiveCfg = Debug|Any CPU
		{74539FCA-9A39-5654-7A2B-08CECF17470D}.Debug|x86.Build.0 = Debug|Any CPU
		{74539FCA-9A39-5654-7A2B-08CECF17470D}.Release|Any CPU.ActiveCfg = Release|Any CPU
		{74539FCA-9A39-5654-7A2B-08CECF17470D}.Release|Any CPU.Build.0 = Release|Any CPU
		{74539FCA-9A39-5654-7A2B-08CECF17470D}.Release|x64.ActiveCfg = Release|Any CPU
		{74539FCA-9A39-5654-7A2B-08CECF17470D}.Release|x64.Build.0 = Release|Any CPU
		{74539FCA-9A39-5654-7A2B-08CECF17470D}.Release|x86.ActiveCfg = Release|Any CPU
		{74539FCA-9A39-5654-7A2B-08CECF17470D}.Release|x86.Build.0 = Release|Any CPU
		{F99CA557-B265-CCD1-5046-44BF6AF82BC6}.Debug|Any CPU.ActiveCfg = Debug|Any CPU
		{F99CA557-B265-CCD1-5046-44BF6AF82BC6}.Debug|Any CPU.Build.0 = Debug|Any CPU
		{F99CA557-B265-CCD1-5046-44BF6AF82BC6}.Debug|x64.ActiveCfg = Debug|Any CPU
		{F99CA557-B265-CCD1-5046-44BF6AF82BC6}.Debug|x64.Build.0 = Debug|Any CPU
		{F99CA557-B265-CCD1-5046-44BF6AF82BC6}.Debug|x86.ActiveCfg = Debug|Any CPU
		{F99CA557-B265-CCD1-5046-44BF6AF82BC6}.Debug|x86.Build.0 = Debug|Any CPU
		{F99CA557-B265-CCD1-5046-44BF6AF82BC6}.Release|Any CPU.ActiveCfg = Release|Any CPU
		{F99CA557-B265-CCD1-5046-44BF6AF82BC6}.Release|Any CPU.Build.0 = Release|Any CPU
		{F99CA557-B265-CCD1-5046-44BF6AF82BC6}.Release|x64.ActiveCfg = Release|Any CPU
		{F99CA557-B265-CCD1-5046-44BF6AF82BC6}.Release|x64.Build.0 = Release|Any CPU
		{F99CA557-B265-CCD1-5046-44BF6AF82BC6}.Release|x86.ActiveCfg = Release|Any CPU
		{F99CA557-B265-CCD1-5046-44BF6AF82BC6}.Release|x86.Build.0 = Release|Any CPU
		{A6A33C61-9BA6-A642-FCB4-CF01FD184A5A}.Debug|Any CPU.ActiveCfg = Debug|Any CPU
		{A6A33C61-9BA6-A642-FCB4-CF01FD184A5A}.Debug|Any CPU.Build.0 = Debug|Any CPU
		{A6A33C61-9BA6-A642-FCB4-CF01FD184A5A}.Debug|x64.ActiveCfg = Debug|Any CPU
		{A6A33C61-9BA6-A642-FCB4-CF01FD184A5A}.Debug|x64.Build.0 = Debug|Any CPU
		{A6A33C61-9BA6-A642-FCB4-CF01FD184A5A}.Debug|x86.ActiveCfg = Debug|Any CPU
		{A6A33C61-9BA6-A642-FCB4-CF01FD184A5A}.Debug|x86.Build.0 = Debug|Any CPU
		{A6A33C61-9BA6-A642-FCB4-CF01FD184A5A}.Release|Any CPU.ActiveCfg = Release|Any CPU
		{A6A33C61-9BA6-A642-FCB4-CF01FD184A5A}.Release|Any CPU.Build.0 = Release|Any CPU
		{A6A33C61-9BA6-A642-FCB4-CF01FD184A5A}.Release|x64.ActiveCfg = Release|Any CPU
		{A6A33C61-9BA6-A642-FCB4-CF01FD184A5A}.Release|x64.Build.0 = Release|Any CPU
		{A6A33C61-9BA6-A642-FCB4-CF01FD184A5A}.Release|x86.ActiveCfg = Release|Any CPU
		{A6A33C61-9BA6-A642-FCB4-CF01FD184A5A}.Release|x86.Build.0 = Release|Any CPU
		{8DE86D8B-D051-D71A-EE26-9EB9A0C0AF8B}.Debug|Any CPU.ActiveCfg = Debug|Any CPU
		{8DE86D8B-D051-D71A-EE26-9EB9A0C0AF8B}.Debug|Any CPU.Build.0 = Debug|Any CPU
		{8DE86D8B-D051-D71A-EE26-9EB9A0C0AF8B}.Debug|x64.ActiveCfg = Debug|Any CPU
		{8DE86D8B-D051-D71A-EE26-9EB9A0C0AF8B}.Debug|x64.Build.0 = Debug|Any CPU
		{8DE86D8B-D051-D71A-EE26-9EB9A0C0AF8B}.Debug|x86.ActiveCfg = Debug|Any CPU
		{8DE86D8B-D051-D71A-EE26-9EB9A0C0AF8B}.Debug|x86.Build.0 = Debug|Any CPU
		{8DE86D8B-D051-D71A-EE26-9EB9A0C0AF8B}.Release|Any CPU.ActiveCfg = Release|Any CPU
		{8DE86D8B-D051-D71A-EE26-9EB9A0C0AF8B}.Release|Any CPU.Build.0 = Release|Any CPU
		{8DE86D8B-D051-D71A-EE26-9EB9A0C0AF8B}.Release|x64.ActiveCfg = Release|Any CPU
		{8DE86D8B-D051-D71A-EE26-9EB9A0C0AF8B}.Release|x64.Build.0 = Release|Any CPU
		{8DE86D8B-D051-D71A-EE26-9EB9A0C0AF8B}.Release|x86.ActiveCfg = Release|Any CPU
		{8DE86D8B-D051-D71A-EE26-9EB9A0C0AF8B}.Release|x86.Build.0 = Release|Any CPU
	EndGlobalSection
	GlobalSection(SolutionProperties) = preSolution
		HideSolutionNode = FALSE
	EndGlobalSection
	GlobalSection(NestedProjects) = preSolution
		{A0199944-766B-46F2-A310-C730F697E051} = {827E0CD3-B72D-47B6-A68D-7590B98EB39B}
		{827DD3CE-0C3A-4AB8-89BA-EE62F1249DF4} = {827E0CD3-B72D-47B6-A68D-7590B98EB39B}
		{CFA87D0D-C634-4943-96E9-63F1C74B4DD4} = {827E0CD3-B72D-47B6-A68D-7590B98EB39B}
		{11964372-6E63-9E6B-64C9-BA246B49AD47} = {02EA681E-C7D8-13C7-8484-4AC65E1B71E8}
		{8699DFAB-9A31-FDE3-D9C5-D180D881B6AE} = {02EA681E-C7D8-13C7-8484-4AC65E1B71E8}
		{02EA681E-C7D8-13C7-8484-4AC65E1B71E8} = {827E0CD3-B72D-47B6-A68D-7590B98EB39B}
		{817C1010-94A0-3096-4A85-BFA7EB69F1B1} = {827E0CD3-B72D-47B6-A68D-7590B98EB39B}
		{1595E029-AB0A-4729-991F-CC8ED3F2FBC7} = {827E0CD3-B72D-47B6-A68D-7590B98EB39B}
		{15DEA315-714E-426D-9404-C4BFB852BE6B} = {1595E029-AB0A-4729-991F-CC8ED3F2FBC7}
		{9D5B49A4-D0CD-349B-29AB-24D6D507080E} = {1595E029-AB0A-4729-991F-CC8ED3F2FBC7}
		{74539FCA-9A39-5654-7A2B-08CECF17470D} = {1595E029-AB0A-4729-991F-CC8ED3F2FBC7}
		{F99CA557-B265-CCD1-5046-44BF6AF82BC6} = {1595E029-AB0A-4729-991F-CC8ED3F2FBC7}
		{A6A33C61-9BA6-A642-FCB4-CF01FD184A5A} = {1595E029-AB0A-4729-991F-CC8ED3F2FBC7}
		{8DE86D8B-D051-D71A-EE26-9EB9A0C0AF8B} = {1595E029-AB0A-4729-991F-CC8ED3F2FBC7}
	EndGlobalSection
	GlobalSection(ExtensibilityGlobals) = postSolution
		SolutionGuid = {0FF04089-7887-4A6C-8655-781973AA8772}
	EndGlobalSection
EndGlobal
